
Microsoft Visual Studio Solution File, Format Version 12.00
# Visual Studio Version 17
VisualStudioVersion = 17.4.33103.184
MinimumVisualStudioVersion = 10.0.40219.1
Project("{FAE04EC0-301F-11D3-BF4B-00C04F79EFBC}") = "AutoEnterprises", "AutoEnterprises\AutoEnterprises.csproj", "{72AFC880-91E3-437C-AC5C-671733616833}"
EndProject
Global
	GlobalSection(SolutionConfigurationPlatforms) = preSolution
		Debug|Any CPU = Debug|Any CPU
		Release|Any CPU = Release|Any CPU
	EndGlobalSection
	GlobalSection(ProjectConfigurationPlatforms) = postSolution
		{72AFC880-91E3-437C-AC5C-671733616833}.Debug|Any CPU.ActiveCfg = Debug|Any CPU
		{72AFC880-91E3-437C-AC5C-671733616833}.Debug|Any CPU.Build.0 = Debug|Any CPU
		{72AFC880-91E3-437C-AC5C-671733616833}.Release|Any CPU.ActiveCfg = Release|Any CPU
		{72AFC880-91E3-437C-AC5C-671733616833}.Release|Any CPU.Build.0 = Release|Any CPU
	EndGlobalSection
	GlobalSection(SolutionProperties) = preSolution
		HideSolutionNode = FALSE
	EndGlobalSection
	GlobalSection(ExtensibilityGlobals) = postSolution
		SolutionGuid = {6D3D732A-80E3-427D-B1BC-785EF92F750F}
	EndGlobalSection
EndGlobal
